
Microsoft Visual Studio Solution File, Format Version 12.00
# Visual Studio Version 17
VisualStudioVersion = 17.11.35327.3
MinimumVisualStudioVersion = 10.0.40219.1
Project("{2150E333-8FDC-42A3-9474-1A3956D46DE8}") = "Backend", "Backend", "{2836596E-71EC-4DB4-9395-8128BA94D56D}"
EndProject
Project("{FAE04EC0-301F-11D3-BF4B-00C04F79EFBC}") = "TODoAgenda.Entities", "Backend\TODoAgenda.Entities\TODoAgenda.Entities.csproj", "{D2DE2789-2209-486A-ADC7-63FBAD86C030}"
EndProject
Project("{FAE04EC0-301F-11D3-BF4B-00C04F79EFBC}") = "ToDoAgenda.DataAccess", "Backend\ToDoAgenda.DataAccess\ToDoAgenda.DataAccess.csproj", "{C8D242DC-5E70-4939-A993-9E6586F81C3E}"
EndProject
Project("{FAE04EC0-301F-11D3-BF4B-00C04F79EFBC}") = "ToDoAgenda.Business", "Backend\ToDoAgenda.Business\ToDoAgenda.Business.csproj", "{CD5E5CC6-42A3-4A83-A9E9-BD1706B89E89}"
EndProject
Project("{FAE04EC0-301F-11D3-BF4B-00C04F79EFBC}") = "ToDoAgenda.Core", "Backend\ToDoAgenda.Core\ToDoAgenda.Core.csproj", "{7B2D278A-DE18-4016-82A0-5FF08D5CCB50}"
EndProject
Project("{FAE04EC0-301F-11D3-BF4B-00C04F79EFBC}") = "ToDoAgenda.Api", "Backend\ToDoAgenda.Api\ToDoAgenda.Api.csproj", "{0665CCA8-3FD0-4AC9-B387-EFC7850A89FE}"
EndProject
Project("{FAE04EC0-301F-11D3-BF4B-00C04F79EFBC}") = "ToDoAgenda.Business.Tests", "Backend\ToDoAgenda.Business.Tests\ToDoAgenda.Business.Tests.csproj", "{F42C7129-78D8-40EB-8D59-FC6A320C1CDB}"
EndProject
Project("{FAE04EC0-301F-11D3-BF4B-00C04F79EFBC}") = "ToDoAgenda.DataAccess.Tests", "Backend\ToDoAgenda.DataAccess.Tests\ToDoAgenda.DataAccess.Tests.csproj", "{0F507F78-E349-4342-BA5D-3A9DC9BB7F20}"
EndProject
Global
	GlobalSection(SolutionConfigurationPlatforms) = preSolution
		Debug|Any CPU = Debug|Any CPU
		Release|Any CPU = Release|Any CPU
	EndGlobalSection
	GlobalSection(ProjectConfigurationPlatforms) = postSolution
		{D2DE2789-2209-486A-ADC7-63FBAD86C030}.Debug|Any CPU.ActiveCfg = Debug|Any CPU
		{D2DE2789-2209-486A-ADC7-63FBAD86C030}.Debug|Any CPU.Build.0 = Debug|Any CPU
		{D2DE2789-2209-486A-ADC7-63FBAD86C030}.Release|Any CPU.ActiveCfg = Release|Any CPU
		{D2DE2789-2209-486A-ADC7-63FBAD86C030}.Release|Any CPU.Build.0 = Release|Any CPU
		{C8D242DC-5E70-4939-A993-9E6586F81C3E}.Debug|Any CPU.ActiveCfg = Debug|Any CPU
		{C8D242DC-5E70-4939-A993-9E6586F81C3E}.Debug|Any CPU.Build.0 = Debug|Any CPU
		{C8D242DC-5E70-4939-A993-9E6586F81C3E}.Release|Any CPU.ActiveCfg = Release|Any CPU
		{C8D242DC-5E70-4939-A993-9E6586F81C3E}.Release|Any CPU.Build.0 = Release|Any CPU
		{CD5E5CC6-42A3-4A83-A9E9-BD1706B89E89}.Debug|Any CPU.ActiveCfg = Debug|Any CPU
		{CD5E5CC6-42A3-4A83-A9E9-BD1706B89E89}.Debug|Any CPU.Build.0 = Debug|Any CPU
		{CD5E5CC6-42A3-4A83-A9E9-BD1706B89E89}.Release|Any CPU.ActiveCfg = Release|Any CPU
		{CD5E5CC6-42A3-4A83-A9E9-BD1706B89E89}.Release|Any CPU.Build.0 = Release|Any CPU
		{7B2D278A-DE18-4016-82A0-5FF08D5CCB50}.Debug|Any CPU.ActiveCfg = Debug|Any CPU
		{7B2D278A-DE18-4016-82A0-5FF08D5CCB50}.Debug|Any CPU.Build.0 = Debug|Any CPU
		{7B2D278A-DE18-4016-82A0-5FF08D5CCB50}.Release|Any CPU.ActiveCfg = Release|Any CPU
		{7B2D278A-DE18-4016-82A0-5FF08D5CCB50}.Release|Any CPU.Build.0 = Release|Any CPU
		{0665CCA8-3FD0-4AC9-B387-EFC7850A89FE}.Debug|Any CPU.ActiveCfg = Debug|Any CPU
		{0665CCA8-3FD0-4AC9-B387-EFC7850A89FE}.Debug|Any CPU.Build.0 = Debug|Any CPU
		{0665CCA8-3FD0-4AC9-B387-EFC7850A89FE}.Release|Any CPU.ActiveCfg = Release|Any CPU
		{0665CCA8-3FD0-4AC9-B387-EFC7850A89FE}.Release|Any CPU.Build.0 = Release|Any CPU
		{F42C7129-78D8-40EB-8D59-FC6A320C1CDB}.Debug|Any CPU.ActiveCfg = Debug|Any CPU
		{F42C7129-78D8-40EB-8D59-FC6A320C1CDB}.Debug|Any CPU.Build.0 = Debug|Any CPU
		{F42C7129-78D8-40EB-8D59-FC6A320C1CDB}.Release|Any CPU.ActiveCfg = Release|Any CPU
		{F42C7129-78D8-40EB-8D59-FC6A320C1CDB}.Release|Any CPU.Build.0 = Release|Any CPU
		{0F507F78-E349-4342-BA5D-3A9DC9BB7F20}.Debug|Any CPU.ActiveCfg = Debug|Any CPU
		{0F507F78-E349-4342-BA5D-3A9DC9BB7F20}.Debug|Any CPU.Build.0 = Debug|Any CPU
		{0F507F78-E349-4342-BA5D-3A9DC9BB7F20}.Release|Any CPU.ActiveCfg = Release|Any CPU
		{0F507F78-E349-4342-BA5D-3A9DC9BB7F20}.Release|Any CPU.Build.0 = Release|Any CPU
	EndGlobalSection
	GlobalSection(SolutionProperties) = preSolution
		HideSolutionNode = FALSE
	EndGlobalSection
	GlobalSection(NestedProjects) = preSolution
		{D2DE2789-2209-486A-ADC7-63FBAD86C030} = {2836596E-71EC-4DB4-9395-8128BA94D56D}
		{C8D242DC-5E70-4939-A993-9E6586F81C3E} = {2836596E-71EC-4DB4-9395-8128BA94D56D}
		{CD5E5CC6-42A3-4A83-A9E9-BD1706B89E89} = {2836596E-71EC-4DB4-9395-8128BA94D56D}
		{7B2D278A-DE18-4016-82A0-5FF08D5CCB50} = {2836596E-71EC-4DB4-9395-8128BA94D56D}
		{0665CCA8-3FD0-4AC9-B387-EFC7850A89FE} = {2836596E-71EC-4DB4-9395-8128BA94D56D}
		{F42C7129-78D8-40EB-8D59-FC6A320C1CDB} = {2836596E-71EC-4DB4-9395-8128BA94D56D}
		{0F507F78-E349-4342-BA5D-3A9DC9BB7F20} = {2836596E-71EC-4DB4-9395-8128BA94D56D}
	EndGlobalSection
	GlobalSection(ExtensibilityGlobals) = postSolution
		SolutionGuid = {88C07035-14BE-4306-A142-BE11B02147A7}
	EndGlobalSection
EndGlobal
